// !$*UTF8*$!
{
	archiveVersion = 1;
	classes = {
	};
	objectVersion = 77;
	objects = {

/* Begin PBXBuildFile section */
		0F1F8BEC2D4BAB2800942140 /* NaverThirdPartyLogin in Frameworks */ = {isa = PBXBuildFile; productRef = 0F1F8BEB2D4BAB2800942140 /* NaverThirdPartyLogin */; };
		0F3E21BF2D475BE700CE20C1 /* GoogleSignIn in Frameworks */ = {isa = PBXBuildFile; productRef = 0F3E21BE2D475BE700CE20C1 /* GoogleSignIn */; };
		0F44BD1D2D4B6FC000778ED3 /* RxKakaoSDKAuth in Frameworks */ = {isa = PBXBuildFile; productRef = 0F44BD1C2D4B6FC000778ED3 /* RxKakaoSDKAuth */; };
		0F44BD1F2D4B6FC000778ED3 /* RxKakaoSDKCommon in Frameworks */ = {isa = PBXBuildFile; productRef = 0F44BD1E2D4B6FC000778ED3 /* RxKakaoSDKCommon */; };
		0F44BD212D4B6FC000778ED3 /* RxKakaoSDKUser in Frameworks */ = {isa = PBXBuildFile; productRef = 0F44BD202D4B6FC000778ED3 /* RxKakaoSDKUser */; };
		0F88C6E42D4C60EA0067982E /* Kingfisher in Frameworks */ = {isa = PBXBuildFile; productRef = 0F88C6E32D4C60EA0067982E /* Kingfisher */; };
		0FBBB8BC2D3E5CE6007AD449 /* SnapKit in Frameworks */ = {isa = PBXBuildFile; productRef = 0FBBB8BB2D3E5CE6007AD449 /* SnapKit */; };
		0FBBB8BF2D3E5E0F007AD449 /* FirebaseAuth in Frameworks */ = {isa = PBXBuildFile; productRef = 0FBBB8BE2D3E5E0F007AD449 /* FirebaseAuth */; };
		0FBBB8C12D3E5E0F007AD449 /* FirebaseDatabase in Frameworks */ = {isa = PBXBuildFile; productRef = 0FBBB8C02D3E5E0F007AD449 /* FirebaseDatabase */; };
		0FD052C12D3E6F8B00D6A3F1 /* RxCocoa in Frameworks */ = {isa = PBXBuildFile; productRef = 0FD052C02D3E6F8B00D6A3F1 /* RxCocoa */; };
		0FD052C32D3E6F8B00D6A3F1 /* RxSwift in Frameworks */ = {isa = PBXBuildFile; productRef = 0FD052C22D3E6F8B00D6A3F1 /* RxSwift */; };
		0FED11E72D4369BC00B70A6F /* Moya in Frameworks */ = {isa = PBXBuildFile; productRef = 0FED11E62D4369BC00B70A6F /* Moya */; };
		0FED11EE2D4378CA00B70A6F /* RxMoya in Frameworks */ = {isa = PBXBuildFile; productRef = 0FED11ED2D4378CA00B70A6F /* RxMoya */; };
		B31C72992D54E2A600F78B3E /* LaunchScreen.storyboard in Resources */ = {isa = PBXBuildFile; fileRef = B31C71CE2D54E2A600F78B3E /* LaunchScreen.storyboard */; };
/* End PBXBuildFile section */

/* Begin PBXFileReference section */
		0FBBB8A12D3E5B7F007AD449 /* zzimtory.app */ = {isa = PBXFileReference; explicitFileType = wrapper.application; includeInIndex = 0; path = zzimtory.app; sourceTree = BUILT_PRODUCTS_DIR; };
		B31C71CD2D54E2A600F78B3E /* Base */ = {isa = PBXFileReference; lastKnownFileType = file.storyboard; name = Base; path = Base.lproj/LaunchScreen.storyboard; sourceTree = "<group>"; };
/* End PBXFileReference section */

/* Begin PBXFileSystemSynchronizedBuildFileExceptionSet section */
		0F53BCDA2D3F54940015B260 /* Exceptions for "zzimtory" folder in "zzimtory" target */ = {
			isa = PBXFileSystemSynchronizedBuildFileExceptionSet;
			membershipExceptions = (
				App/Info.plist,
			);
			target = 0FBBB8A02D3E5B7F007AD449 /* zzimtory */;
		};
/* End PBXFileSystemSynchronizedBuildFileExceptionSet section */

/* Begin PBXFileSystemSynchronizedRootGroup section */
		0FBBB8A32D3E5B7F007AD449 /* zzimtory */ = {
			isa = PBXFileSystemSynchronizedRootGroup;
			exceptions = (
				0F53BCDA2D3F54940015B260 /* Exceptions for "zzimtory" folder in "zzimtory" target */,
			);
			path = zzimtory;
			sourceTree = "<group>";
		};
/* End PBXFileSystemSynchronizedRootGroup section */

/* Begin PBXFrameworksBuildPhase section */
		0FBBB89E2D3E5B7F007AD449 /* Frameworks */ = {
			isa = PBXFrameworksBuildPhase;
			buildActionMask = 2147483647;
			files = (
				0FD052C32D3E6F8B00D6A3F1 /* RxSwift in Frameworks */,
				0F44BD212D4B6FC000778ED3 /* RxKakaoSDKUser in Frameworks */,
				0F3E21BF2D475BE700CE20C1 /* GoogleSignIn in Frameworks */,
				0FBBB8C12D3E5E0F007AD449 /* FirebaseDatabase in Frameworks */,
				0F1F8BEC2D4BAB2800942140 /* NaverThirdPartyLogin in Frameworks */,
				0FD052C12D3E6F8B00D6A3F1 /* RxCocoa in Frameworks */,
				0FBBB8BC2D3E5CE6007AD449 /* SnapKit in Frameworks */,
				0FED11E72D4369BC00B70A6F /* Moya in Frameworks */,
				0F88C6E42D4C60EA0067982E /* Kingfisher in Frameworks */,
				0F44BD1F2D4B6FC000778ED3 /* RxKakaoSDKCommon in Frameworks */,
				0F44BD1D2D4B6FC000778ED3 /* RxKakaoSDKAuth in Frameworks */,
				0FED11EE2D4378CA00B70A6F /* RxMoya in Frameworks */,
				0FBBB8BF2D3E5E0F007AD449 /* FirebaseAuth in Frameworks */,
			);
			runOnlyForDeploymentPostprocessing = 0;
		};
/* End PBXFrameworksBuildPhase section */

/* Begin PBXGroup section */
		0FBBB8982D3E5B7F007AD449 = {
			isa = PBXGroup;
			children = (
				0FBBB8A32D3E5B7F007AD449 /* zzimtory */,
				0FED11EC2D4378CA00B70A6F /* Frameworks */,
				0FBBB8A22D3E5B7F007AD449 /* Products */,
				B31C71CE2D54E2A600F78B3E /* LaunchScreen.storyboard */,
			);
			sourceTree = "<group>";
		};
		0FBBB8A22D3E5B7F007AD449 /* Products */ = {
			isa = PBXGroup;
			children = (
				0FBBB8A12D3E5B7F007AD449 /* zzimtory.app */,
			);
			name = Products;
			sourceTree = "<group>";
		};
		0FED11EC2D4378CA00B70A6F /* Frameworks */ = {
			isa = PBXGroup;
			children = (
			);
			name = Frameworks;
			sourceTree = "<group>";
		};
/* End PBXGroup section */

/* Begin PBXNativeTarget section */
		0FBBB8A02D3E5B7F007AD449 /* zzimtory */ = {
			isa = PBXNativeTarget;
			buildConfigurationList = 0FBBB8B42D3E5B80007AD449 /* Build configuration list for PBXNativeTarget "zzimtory" */;
			buildPhases = (
				0FBBB89D2D3E5B7F007AD449 /* Sources */,
				0FBBB89E2D3E5B7F007AD449 /* Frameworks */,
				0FBBB89F2D3E5B7F007AD449 /* Resources */,
				0F41B2CA2D3E600500CFA8ED /* SwiftLint */,
			);
			buildRules = (
			);
			dependencies = (
			);
			fileSystemSynchronizedGroups = (
				0FBBB8A32D3E5B7F007AD449 /* zzimtory */,
			);
			name = zzimtory;
			packageProductDependencies = (
				0FBBB8BB2D3E5CE6007AD449 /* SnapKit */,
				0FBBB8BE2D3E5E0F007AD449 /* FirebaseAuth */,
				0FBBB8C02D3E5E0F007AD449 /* FirebaseDatabase */,
				0FD052C02D3E6F8B00D6A3F1 /* RxCocoa */,
				0FD052C22D3E6F8B00D6A3F1 /* RxSwift */,
				0FED11E62D4369BC00B70A6F /* Moya */,
				0FED11ED2D4378CA00B70A6F /* RxMoya */,
				0F3E21BE2D475BE700CE20C1 /* GoogleSignIn */,
				0F44BD1C2D4B6FC000778ED3 /* RxKakaoSDKAuth */,
				0F44BD1E2D4B6FC000778ED3 /* RxKakaoSDKCommon */,
				0F44BD202D4B6FC000778ED3 /* RxKakaoSDKUser */,
				0F1F8BEB2D4BAB2800942140 /* NaverThirdPartyLogin */,
				0F88C6E32D4C60EA0067982E /* Kingfisher */,
			);
			productName = zzimtory;
			productReference = 0FBBB8A12D3E5B7F007AD449 /* zzimtory.app */;
			productType = "com.apple.product-type.application";
		};
/* End PBXNativeTarget section */

/* Begin PBXProject section */
		0FBBB8992D3E5B7F007AD449 /* Project object */ = {
			isa = PBXProject;
			attributes = {
				BuildIndependentTargetsInParallel = 1;
				LastSwiftUpdateCheck = 1620;
				LastUpgradeCheck = 1620;
				TargetAttributes = {
					0FBBB8A02D3E5B7F007AD449 = {
						CreatedOnToolsVersion = 16.2;
					};
				};
			};
			buildConfigurationList = 0FBBB89C2D3E5B7F007AD449 /* Build configuration list for PBXProject "zzimtory" */;
			developmentRegion = en;
			hasScannedForEncodings = 0;
			knownRegions = (
				en,
				Base,
			);
			mainGroup = 0FBBB8982D3E5B7F007AD449;
			minimizedProjectReferenceProxies = 1;
			packageReferences = (
				0FBBB8BA2D3E5CE6007AD449 /* XCRemoteSwiftPackageReference "SnapKit" */,
				0FBBB8BD2D3E5E0F007AD449 /* XCRemoteSwiftPackageReference "firebase-ios-sdk" */,
				0FD052BF2D3E6F8B00D6A3F1 /* XCRemoteSwiftPackageReference "RxSwift" */,
				0FED11E52D4369BC00B70A6F /* XCRemoteSwiftPackageReference "Moya" */,
				0F3E21BD2D475BE700CE20C1 /* XCRemoteSwiftPackageReference "GoogleSignIn-iOS" */,
				0F44BD1B2D4B6FC000778ED3 /* XCRemoteSwiftPackageReference "kakao-ios-sdk-rx" */,
				0F1F8BEA2D4BAB2800942140 /* XCRemoteSwiftPackageReference "naveridlogin-sdk-ios" */,
				0F88C6E22D4C60EA0067982E /* XCRemoteSwiftPackageReference "Kingfisher" */,
			);
			preferredProjectObjectVersion = 77;
			productRefGroup = 0FBBB8A22D3E5B7F007AD449 /* Products */;
			projectDirPath = "";
			projectRoot = "";
			targets = (
				0FBBB8A02D3E5B7F007AD449 /* zzimtory */,
			);
		};
/* End PBXProject section */

/* Begin PBXResourcesBuildPhase section */
		0FBBB89F2D3E5B7F007AD449 /* Resources */ = {
			isa = PBXResourcesBuildPhase;
			buildActionMask = 2147483647;
			files = (
				B31C72992D54E2A600F78B3E /* LaunchScreen.storyboard in Resources */,
			);
			runOnlyForDeploymentPostprocessing = 0;
		};
/* End PBXResourcesBuildPhase section */

/* Begin PBXShellScriptBuildPhase section */
		0F41B2CA2D3E600500CFA8ED /* SwiftLint */ = {
			isa = PBXShellScriptBuildPhase;
			alwaysOutOfDate = 1;
			buildActionMask = 2147483647;
			files = (
			);
			inputFileListPaths = (
			);
			inputPaths = (
			);
			name = SwiftLint;
			outputFileListPaths = (
			);
			outputPaths = (
			);
			runOnlyForDeploymentPostprocessing = 0;
			shellPath = /bin/sh;
			shellScript = "export PATH=\"/opt/homebrew/bin:$PATH\"\n\nif which swiftlint > /dev/null; then\n  swiftlint\nelse\n  echo \"warning: SwiftLint not installed, download from https://github.com/realm/SwiftLint\"\nfi\n";
		};
/* End PBXShellScriptBuildPhase section */

/* Begin PBXSourcesBuildPhase section */
		0FBBB89D2D3E5B7F007AD449 /* Sources */ = {
			isa = PBXSourcesBuildPhase;
			buildActionMask = 2147483647;
			files = (
			);
			runOnlyForDeploymentPostprocessing = 0;
		};
/* End PBXSourcesBuildPhase section */

/* Begin PBXVariantGroup section */
		B31C71CE2D54E2A600F78B3E /* LaunchScreen.storyboard */ = {
			isa = PBXVariantGroup;
			children = (
				B31C71CD2D54E2A600F78B3E /* Base */,
			);
			name = LaunchScreen.storyboard;
			sourceTree = "<group>";
		};
/* End PBXVariantGroup section */

/* Begin XCBuildConfiguration section */
		0FBBB8B52D3E5B80007AD449 /* Debug */ = {
			isa = XCBuildConfiguration;
			buildSettings = {
				ASSETCATALOG_COMPILER_APPICON_NAME = AppIcon;
				ASSETCATALOG_COMPILER_GLOBAL_ACCENT_COLOR_NAME = AccentColor;
				CODE_SIGN_ENTITLEMENTS = zzimtory/zzimtory.entitlements;
				"CODE_SIGN_IDENTITY[sdk=iphoneos*]" = "iPhone Developer";
				CODE_SIGN_STYLE = Manual;
				CURRENT_PROJECT_VERSION = 1;
				DEVELOPMENT_TEAM = "";
				"DEVELOPMENT_TEAM[sdk=iphoneos*]" = 5KGCPRX2P8;
				ENABLE_USER_SCRIPT_SANDBOXING = NO;
				GENERATE_INFOPLIST_FILE = NO;
				INFOPLIST_FILE = zzimtory/App/Info.plist;
				INFOPLIST_KEY_UIApplicationSupportsIndirectInputEvents = YES;
				INFOPLIST_KEY_UILaunchStoryboardName = LaunchScreen;
				INFOPLIST_KEY_UIMainStoryboardFile = "";
				INFOPLIST_KEY_UISupportedInterfaceOrientations_iPad = "UIInterfaceOrientationPortrait UIInterfaceOrientationPortraitUpsideDown UIInterfaceOrientationLandscapeLeft UIInterfaceOrientationLandscapeRight";
				INFOPLIST_KEY_UISupportedInterfaceOrientations_iPhone = "UIInterfaceOrientationPortrait UIInterfaceOrientationLandscapeLeft UIInterfaceOrientationLandscapeRight";
				IPHONEOS_DEPLOYMENT_TARGET = 16.6;
				LD_RUNPATH_SEARCH_PATHS = (
					"$(inherited)",
					"@executable_path/Frameworks",
				);
				MARKETING_VERSION = 1.0;
				PRODUCT_BUNDLE_IDENTIFIER = com.zzimtory.zzimtory;
				PRODUCT_NAME = "$(TARGET_NAME)";
				PROVISIONING_PROFILE_SPECIFIER = "";
				"PROVISIONING_PROFILE_SPECIFIER[sdk=iphoneos*]" = zzimtory;
				SUPPORTED_PLATFORMS = "iphoneos iphonesimulator";
				SUPPORTS_MACCATALYST = NO;
				SUPPORTS_MAC_DESIGNED_FOR_IPHONE_IPAD = NO;
				SUPPORTS_XR_DESIGNED_FOR_IPHONE_IPAD = NO;
				SWIFT_EMIT_LOC_STRINGS = YES;
				SWIFT_VERSION = 5.0;
				TARGETED_DEVICE_FAMILY = 1;
			};
			name = Debug;
		};
		0FBBB8B62D3E5B80007AD449 /* Release */ = {
			isa = XCBuildConfiguration;
			buildSettings = {
				ASSETCATALOG_COMPILER_APPICON_NAME = AppIcon;
				ASSETCATALOG_COMPILER_GLOBAL_ACCENT_COLOR_NAME = AccentColor;
				CODE_SIGN_ENTITLEMENTS = zzimtory/zzimtory.entitlements;
				CODE_SIGN_IDENTITY = "Apple Development";
				"CODE_SIGN_IDENTITY[sdk=iphoneos*]" = "iPhone Developer";
				CODE_SIGN_STYLE = Manual;
				CURRENT_PROJECT_VERSION = 1;
				DEVELOPMENT_TEAM = "";
				"DEVELOPMENT_TEAM[sdk=iphoneos*]" = 5KGCPRX2P8;
				ENABLE_USER_SCRIPT_SANDBOXING = NO;
				GENERATE_INFOPLIST_FILE = NO;
				INFOPLIST_FILE = zzimtory/App/Info.plist;
				INFOPLIST_KEY_UIApplicationSupportsIndirectInputEvents = YES;
				INFOPLIST_KEY_UILaunchStoryboardName = LaunchScreen;
				INFOPLIST_KEY_UIMainStoryboardFile = "";
				INFOPLIST_KEY_UISupportedInterfaceOrientations_iPad = "UIInterfaceOrientationPortrait UIInterfaceOrientationPortraitUpsideDown UIInterfaceOrientationLandscapeLeft UIInterfaceOrientationLandscapeRight";
				INFOPLIST_KEY_UISupportedInterfaceOrientations_iPhone = "UIInterfaceOrientationPortrait UIInterfaceOrientationLandscapeLeft UIInterfaceOrientationLandscapeRight";
				IPHONEOS_DEPLOYMENT_TARGET = 16.6;
				LD_RUNPATH_SEARCH_PATHS = (
					"$(inherited)",
					"@executable_path/Frameworks",
				);
				MARKETING_VERSION = 1.0;
				PRODUCT_BUNDLE_IDENTIFIER = com.zzimtory.zzimtory;
				PRODUCT_NAME = "$(TARGET_NAME)";
				PROVISIONING_PROFILE_SPECIFIER = "";
				"PROVISIONING_PROFILE_SPECIFIER[sdk=iphoneos*]" = zzimtory;
				SUPPORTED_PLATFORMS = "iphoneos iphonesimulator";
				SUPPORTS_MACCATALYST = NO;
				SUPPORTS_MAC_DESIGNED_FOR_IPHONE_IPAD = NO;
				SUPPORTS_XR_DESIGNED_FOR_IPHONE_IPAD = NO;
				SWIFT_EMIT_LOC_STRINGS = YES;
				SWIFT_VERSION = 5.0;
				TARGETED_DEVICE_FAMILY = 1;
			};
			name = Release;
		};
		0FBBB8B72D3E5B80007AD449 /* Debug */ = {
			isa = XCBuildConfiguration;
			baseConfigurationReferenceAnchor = 0FBBB8A32D3E5B7F007AD449 /* zzimtory */;
			baseConfigurationReferenceRelativePath = Network/Config.xcconfig;
			buildSettings = {
				ALWAYS_SEARCH_USER_PATHS = NO;
				ASSETCATALOG_COMPILER_GENERATE_SWIFT_ASSET_SYMBOL_EXTENSIONS = YES;
				CLANG_ANALYZER_NONNULL = YES;
				CLANG_ANALYZER_NUMBER_OBJECT_CONVERSION = YES_AGGRESSIVE;
				CLANG_CXX_LANGUAGE_STANDARD = "gnu++20";
				CLANG_ENABLE_MODULES = YES;
				CLANG_ENABLE_OBJC_ARC = YES;
				CLANG_ENABLE_OBJC_WEAK = YES;
				CLANG_WARN_BLOCK_CAPTURE_AUTORELEASING = YES;
				CLANG_WARN_BOOL_CONVERSION = YES;
				CLANG_WARN_COMMA = YES;
				CLANG_WARN_CONSTANT_CONVERSION = YES;
				CLANG_WARN_DEPRECATED_OBJC_IMPLEMENTATIONS = YES;
				CLANG_WARN_DIRECT_OBJC_ISA_USAGE = YES_ERROR;
				CLANG_WARN_DOCUMENTATION_COMMENTS = YES;
				CLANG_WARN_EMPTY_BODY = YES;
				CLANG_WARN_ENUM_CONVERSION = YES;
				CLANG_WARN_INFINITE_RECURSION = YES;
				CLANG_WARN_INT_CONVERSION = YES;
				CLANG_WARN_NON_LITERAL_NULL_CONVERSION = YES;
				CLANG_WARN_OBJC_IMPLICIT_RETAIN_SELF = YES;
				CLANG_WARN_OBJC_LITERAL_CONVERSION = YES;
				CLANG_WARN_OBJC_ROOT_CLASS = YES_ERROR;
				CLANG_WARN_QUOTED_INCLUDE_IN_FRAMEWORK_HEADER = YES;
				CLANG_WARN_RANGE_LOOP_ANALYSIS = YES;
				CLANG_WARN_STRICT_PROTOTYPES = YES;
				CLANG_WARN_SUSPICIOUS_MOVE = YES;
				CLANG_WARN_UNGUARDED_AVAILABILITY = YES_AGGRESSIVE;
				CLANG_WARN_UNREACHABLE_CODE = YES;
				CLANG_WARN__DUPLICATE_METHOD_MATCH = YES;
				COPY_PHASE_STRIP = NO;
				DEBUG_INFORMATION_FORMAT = dwarf;
				ENABLE_STRICT_OBJC_MSGSEND = YES;
				ENABLE_TESTABILITY = YES;
				ENABLE_USER_SCRIPT_SANDBOXING = YES;
				GCC_C_LANGUAGE_STANDARD = gnu17;
				GCC_DYNAMIC_NO_PIC = NO;
				GCC_NO_COMMON_BLOCKS = YES;
				GCC_OPTIMIZATION_LEVEL = 0;
				GCC_PREPROCESSOR_DEFINITIONS = (
					"DEBUG=1",
					"$(inherited)",
				);
				GCC_WARN_64_TO_32_BIT_CONVERSION = YES;
				GCC_WARN_ABOUT_RETURN_TYPE = YES_ERROR;
				GCC_WARN_UNDECLARED_SELECTOR = YES;
				GCC_WARN_UNINITIALIZED_AUTOS = YES_AGGRESSIVE;
				GCC_WARN_UNUSED_FUNCTION = YES;
				GCC_WARN_UNUSED_VARIABLE = YES;
				IPHONEOS_DEPLOYMENT_TARGET = 18.2;
				LOCALIZATION_PREFERS_STRING_CATALOGS = YES;
				MTL_ENABLE_DEBUG_INFO = INCLUDE_SOURCE;
				MTL_FAST_MATH = YES;
				ONLY_ACTIVE_ARCH = YES;
				SDKROOT = iphoneos;
				SWIFT_ACTIVE_COMPILATION_CONDITIONS = "DEBUG $(inherited)";
				SWIFT_OPTIMIZATION_LEVEL = "-Onone";
				SWIFT_VERSION = 5.0;
			};
			name = Debug;
		};
		0FBBB8B82D3E5B80007AD449 /* Release */ = {
			isa = XCBuildConfiguration;
			baseConfigurationReferenceAnchor = 0FBBB8A32D3E5B7F007AD449 /* zzimtory */;
			baseConfigurationReferenceRelativePath = Network/Config.xcconfig;
			buildSettings = {
				ALWAYS_SEARCH_USER_PATHS = NO;
				ASSETCATALOG_COMPILER_GENERATE_SWIFT_ASSET_SYMBOL_EXTENSIONS = YES;
				CLANG_ANALYZER_NONNULL = YES;
				CLANG_ANALYZER_NUMBER_OBJECT_CONVERSION = YES_AGGRESSIVE;
				CLANG_CXX_LANGUAGE_STANDARD = "gnu++20";
				CLANG_ENABLE_MODULES = YES;
				CLANG_ENABLE_OBJC_ARC = YES;
				CLANG_ENABLE_OBJC_WEAK = YES;
				CLANG_WARN_BLOCK_CAPTURE_AUTORELEASING = YES;
				CLANG_WARN_BOOL_CONVERSION = YES;
				CLANG_WARN_COMMA = YES;
				CLANG_WARN_CONSTANT_CONVERSION = YES;
				CLANG_WARN_DEPRECATED_OBJC_IMPLEMENTATIONS = YES;
				CLANG_WARN_DIRECT_OBJC_ISA_USAGE = YES_ERROR;
				CLANG_WARN_DOCUMENTATION_COMMENTS = YES;
				CLANG_WARN_EMPTY_BODY = YES;
				CLANG_WARN_ENUM_CONVERSION = YES;
				CLANG_WARN_INFINITE_RECURSION = YES;
				CLANG_WARN_INT_CONVERSION = YES;
				CLANG_WARN_NON_LITERAL_NULL_CONVERSION = YES;
				CLANG_WARN_OBJC_IMPLICIT_RETAIN_SELF = YES;
				CLANG_WARN_OBJC_LITERAL_CONVERSION = YES;
				CLANG_WARN_OBJC_ROOT_CLASS = YES_ERROR;
				CLANG_WARN_QUOTED_INCLUDE_IN_FRAMEWORK_HEADER = YES;
				CLANG_WARN_RANGE_LOOP_ANALYSIS = YES;
				CLANG_WARN_STRICT_PROTOTYPES = YES;
				CLANG_WARN_SUSPICIOUS_MOVE = YES;
				CLANG_WARN_UNGUARDED_AVAILABILITY = YES_AGGRESSIVE;
				CLANG_WARN_UNREACHABLE_CODE = YES;
				CLANG_WARN__DUPLICATE_METHOD_MATCH = YES;
				COPY_PHASE_STRIP = NO;
				DEBUG_INFORMATION_FORMAT = "dwarf-with-dsym";
				ENABLE_NS_ASSERTIONS = NO;
				ENABLE_STRICT_OBJC_MSGSEND = YES;
				ENABLE_USER_SCRIPT_SANDBOXING = YES;
				GCC_C_LANGUAGE_STANDARD = gnu17;
				GCC_NO_COMMON_BLOCKS = YES;
				GCC_WARN_64_TO_32_BIT_CONVERSION = YES;
				GCC_WARN_ABOUT_RETURN_TYPE = YES_ERROR;
				GCC_WARN_UNDECLARED_SELECTOR = YES;
				GCC_WARN_UNINITIALIZED_AUTOS = YES_AGGRESSIVE;
				GCC_WARN_UNUSED_FUNCTION = YES;
				GCC_WARN_UNUSED_VARIABLE = YES;
				IPHONEOS_DEPLOYMENT_TARGET = 18.2;
				LOCALIZATION_PREFERS_STRING_CATALOGS = YES;
				MTL_ENABLE_DEBUG_INFO = NO;
				MTL_FAST_MATH = YES;
				SDKROOT = iphoneos;
				SWIFT_COMPILATION_MODE = wholemodule;
				SWIFT_VERSION = 5.0;
				VALIDATE_PRODUCT = YES;
			};
			name = Release;
		};
/* End XCBuildConfiguration section */

/* Begin XCConfigurationList section */
		0FBBB89C2D3E5B7F007AD449 /* Build configuration list for PBXProject "zzimtory" */ = {
			isa = XCConfigurationList;
			buildConfigurations = (
				0FBBB8B72D3E5B80007AD449 /* Debug */,
				0FBBB8B82D3E5B80007AD449 /* Release */,
			);
			defaultConfigurationIsVisible = 0;
			defaultConfigurationName = Release;
		};
		0FBBB8B42D3E5B80007AD449 /* Build configuration list for PBXNativeTarget "zzimtory" */ = {
			isa = XCConfigurationList;
			buildConfigurations = (
				0FBBB8B52D3E5B80007AD449 /* Debug */,
				0FBBB8B62D3E5B80007AD449 /* Release */,
			);
			defaultConfigurationIsVisible = 0;
			defaultConfigurationName = Release;
		};
/* End XCConfigurationList section */

/* Begin XCRemoteSwiftPackageReference section */
		0F1F8BEA2D4BAB2800942140 /* XCRemoteSwiftPackageReference "naveridlogin-sdk-ios" */ = {
			isa = XCRemoteSwiftPackageReference;
			repositoryURL = "https://github.com/naver/naveridlogin-sdk-ios.git";
			requirement = {
				branch = master;
				kind = branch;
			};
		};
		0F3E21BD2D475BE700CE20C1 /* XCRemoteSwiftPackageReference "GoogleSignIn-iOS" */ = {
			isa = XCRemoteSwiftPackageReference;
			repositoryURL = "https://github.com/google/GoogleSignIn-iOS";
			requirement = {
				kind = upToNextMajorVersion;
				minimumVersion = 8.0.0;
			};
		};
		0F44BD1B2D4B6FC000778ED3 /* XCRemoteSwiftPackageReference "kakao-ios-sdk-rx" */ = {
			isa = XCRemoteSwiftPackageReference;
			repositoryURL = "https://github.com/kakao/kakao-ios-sdk-rx";
			requirement = {
				kind = upToNextMajorVersion;
				minimumVersion = 2.23.0;
			};
		};
		0F88C6E22D4C60EA0067982E /* XCRemoteSwiftPackageReference "Kingfisher" */ = {
			isa = XCRemoteSwiftPackageReference;
			repositoryURL = "https://github.com/onevcat/Kingfisher.git";
			requirement = {
				kind = upToNextMajorVersion;
				minimumVersion = 8.1.4;
			};
		};
		0FBBB8BA2D3E5CE6007AD449 /* XCRemoteSwiftPackageReference "SnapKit" */ = {
			isa = XCRemoteSwiftPackageReference;
			repositoryURL = "https://github.com/SnapKit/SnapKit.git";
			requirement = {
				kind = upToNextMajorVersion;
				minimumVersion = 5.7.1;
			};
		};
		0FBBB8BD2D3E5E0F007AD449 /* XCRemoteSwiftPackageReference "firebase-ios-sdk" */ = {
			isa = XCRemoteSwiftPackageReference;
			repositoryURL = "https://github.com/firebase/firebase-ios-sdk";
			requirement = {
				kind = upToNextMajorVersion;
				minimumVersion = 11.7.0;
			};
		};
		0FD052BF2D3E6F8B00D6A3F1 /* XCRemoteSwiftPackageReference "RxSwift" */ = {
			isa = XCRemoteSwiftPackageReference;
			repositoryURL = "https://github.com/ReactiveX/RxSwift.git";
			requirement = {
				kind = upToNextMajorVersion;
				minimumVersion = 6.8.0;
			};
		};
		0FED11E52D4369BC00B70A6F /* XCRemoteSwiftPackageReference "Moya" */ = {
			isa = XCRemoteSwiftPackageReference;
			repositoryURL = "https://github.com/Moya/Moya.git";
			requirement = {
				kind = upToNextMajorVersion;
				minimumVersion = 15.0.3;
			};
		};
/* End XCRemoteSwiftPackageReference section */

/* Begin XCSwiftPackageProductDependency section */
		0F1F8BEB2D4BAB2800942140 /* NaverThirdPartyLogin */ = {
			isa = XCSwiftPackageProductDependency;
			package = 0F1F8BEA2D4BAB2800942140 /* XCRemoteSwiftPackageReference "naveridlogin-sdk-ios" */;
			productName = NaverThirdPartyLogin;
		};
		0F3E21BE2D475BE700CE20C1 /* GoogleSignIn */ = {
			isa = XCSwiftPackageProductDependency;
			package = 0F3E21BD2D475BE700CE20C1 /* XCRemoteSwiftPackageReference "GoogleSignIn-iOS" */;
			productName = GoogleSignIn;
		};
		0F44BD1C2D4B6FC000778ED3 /* RxKakaoSDKAuth */ = {
			isa = XCSwiftPackageProductDependency;
			package = 0F44BD1B2D4B6FC000778ED3 /* XCRemoteSwiftPackageReference "kakao-ios-sdk-rx" */;
			productName = RxKakaoSDKAuth;
		};
		0F44BD1E2D4B6FC000778ED3 /* RxKakaoSDKCommon */ = {
			isa = XCSwiftPackageProductDependency;
			package = 0F44BD1B2D4B6FC000778ED3 /* XCRemoteSwiftPackageReference "kakao-ios-sdk-rx" */;
			productName = RxKakaoSDKCommon;
		};
		0F44BD202D4B6FC000778ED3 /* RxKakaoSDKUser */ = {
			isa = XCSwiftPackageProductDependency;
			package = 0F44BD1B2D4B6FC000778ED3 /* XCRemoteSwiftPackageReference "kakao-ios-sdk-rx" */;
			productName = RxKakaoSDKUser;
		};
		0F88C6E32D4C60EA0067982E /* Kingfisher */ = {
			isa = XCSwiftPackageProductDependency;
			package = 0F88C6E22D4C60EA0067982E /* XCRemoteSwiftPackageReference "Kingfisher" */;
			productName = Kingfisher;
		};
		0FBBB8BB2D3E5CE6007AD449 /* SnapKit */ = {
			isa = XCSwiftPackageProductDependency;
			package = 0FBBB8BA2D3E5CE6007AD449 /* XCRemoteSwiftPackageReference "SnapKit" */;
			productName = SnapKit;
		};
		0FBBB8BE2D3E5E0F007AD449 /* FirebaseAuth */ = {
			isa = XCSwiftPackageProductDependency;
			package = 0FBBB8BD2D3E5E0F007AD449 /* XCRemoteSwiftPackageReference "firebase-ios-sdk" */;
			productName = FirebaseAuth;
		};
		0FBBB8C02D3E5E0F007AD449 /* FirebaseDatabase */ = {
			isa = XCSwiftPackageProductDependency;
			package = 0FBBB8BD2D3E5E0F007AD449 /* XCRemoteSwiftPackageReference "firebase-ios-sdk" */;
			productName = FirebaseDatabase;
		};
		0FD052C02D3E6F8B00D6A3F1 /* RxCocoa */ = {
			isa = XCSwiftPackageProductDependency;
			package = 0FD052BF2D3E6F8B00D6A3F1 /* XCRemoteSwiftPackageReference "RxSwift" */;
			productName = RxCocoa;
		};
		0FD052C22D3E6F8B00D6A3F1 /* RxSwift */ = {
			isa = XCSwiftPackageProductDependency;
			package = 0FD052BF2D3E6F8B00D6A3F1 /* XCRemoteSwiftPackageReference "RxSwift" */;
			productName = RxSwift;
		};
		0FED11E62D4369BC00B70A6F /* Moya */ = {
			isa = XCSwiftPackageProductDependency;
			package = 0FED11E52D4369BC00B70A6F /* XCRemoteSwiftPackageReference "Moya" */;
			productName = Moya;
		};
		0FED11ED2D4378CA00B70A6F /* RxMoya */ = {
			isa = XCSwiftPackageProductDependency;
			package = 0FED11E52D4369BC00B70A6F /* XCRemoteSwiftPackageReference "Moya" */;
			productName = RxMoya;
		};
/* End XCSwiftPackageProductDependency section */
	};
	rootObject = 0FBBB8992D3E5B7F007AD449 /* Project object */;
}
